PODS:
  - IQKeyboardManagerSwift (6.5.9)
  - NKVPhonePicker (2.1.1)
  - Toast-Swift (5.0.1)

DEPENDENCIES:
  - IQKeyboardManagerSwift
  - NKVPhonePicker
  - Toast-Swift (~> 5.0.1)

SPEC REPOS:
  trunk:
    - IQKeyboardManagerSwift
    - NKVPhonePicker
    - Toast-Swift

SPEC CHECKSUMS:
  IQKeyboardManagerSwift: 6e839c575c4aa1078d58a596e41244e77abe918f
  NKVPhonePicker: c71b3e8e53ce74e0b4e4d5c5adf54cbb3dd16fd8
  Toast-Swift: 9b6a70f28b3bf0b96c40d46c0c4b9d6639846711

PODFILE CHECKSUM: 3b4f410363df005b9cb3b8d848e9f63315d9614e

COCOAPODS: 1.11.2
